Microsoft Visual Studio Solution File, Format Version 11.00
# Visual Studio 2008

Project("{01EACF24-FAC5-9A0C-83CA-79DDD5EF5827}") = "rest-client-unity-test", "Assembly-CSharp.csproj", "{168DB0BB-27B1-D5E9-2630-6536A629FD52}"
EndProject
Global
	GlobalSection(SolutionConfigurationPlatforms) = preSolution
		Debug|Any CPU = Debug|Any CPU
		Release|Any CPU = Release|Any CPU
	EndGlobalSection
	GlobalSection(ProjectConfigurationPlatforms) = postSolution
		{168DB0BB-27B1-D5E9-2630-6536A629FD52}.Debug|Any CPU.ActiveCfg = Debug|Any CPU
		{168DB0BB-27B1-D5E9-2630-6536A629FD52}.Debug|Any CPU.Build.0 = Debug|Any CPU
		{168DB0BB-27B1-D5E9-2630-6536A629FD52}.Release|Any CPU.ActiveCfg = Release|Any CPU
		{168DB0BB-27B1-D5E9-2630-6536A629FD52}.Release|Any CPU.Build.0 = Release|Any CPU
	EndGlobalSection
	GlobalSection(SolutionProperties) = preSolution
		HideSolutionNode = FALSE
	EndGlobalSection
	GlobalSection(MonoDevelopProperties) = preSolution
		StartupItem = Assembly-CSharp.csproj
	EndGlobalSection
EndGlobal
